// !$*UTF8*$!
{
	archiveVersion = 1;
	classes = {
	};
	objectVersion = 77;
	objects = {

/* Begin PBXBuildFile section */
		F63DB5A82E799D1100688CC7 /* WidgetKit.framework in Frameworks */ = {isa = PBXBuildFile; fileRef = F6A810842E79815C00BD327E /* WidgetKit.framework */; };
		F63DB5A92E799D1100688CC7 /* SwiftUI.framework in Frameworks */ = {isa = PBXBuildFile; fileRef = F6A810862E79815C00BD327E /* SwiftUI.framework */; };
		F63DB5B42E799D1100688CC7 /* TotalBalanceWidgetExtension.appex in Embed Foundation Extensions */ = {isa = PBXBuildFile; fileRef = F63DB5A72E799D1100688CC7 /* TotalBalanceWidgetExtension.appex */; settings = {ATTRIBUTES = (RemoveHeadersOnCopy, ); }; };
		F6A8107D2E797CEF00BD327E /* README.md in Resources */ = {isa = PBXBuildFile; fileRef = F6A8107C2E797CEF00BD327E /* README.md */; };
		F6B8339C2E8EA57D00B2AB0C /* PatfiWatch Watch App.app in Embed Watch Content */ = {isa = PBXBuildFile; fileRef = F6B833922E8EA57C00B2AB0C /* PatfiWatch Watch App.app */; platformFilter = ios; settings = {ATTRIBUTES = (RemoveHeadersOnCopy, ); }; };
/* End PBXBuildFile section */

/* Begin PBXContainerItemProxy section */
		F63DB5B22E799D1100688CC7 /* PBXContainerItemProxy */ = {
			isa = PBXContainerItemProxy;
			containerPortal = F60DBEB72E69FD3300ED214A /* Project object */;
			proxyType = 1;
			remoteGlobalIDString = F63DB5A62E799D1100688CC7;
			remoteInfo = TotalBalanceWidgetExtension;
		};
		F6B8339A2E8EA57D00B2AB0C /* PBXContainerItemProxy */ = {
			isa = PBXContainerItemProxy;
			containerPortal = F60DBEB72E69FD3300ED214A /* Project object */;
			proxyType = 1;
			remoteGlobalIDString = F6B833912E8EA57C00B2AB0C;
			remoteInfo = "PatfiWatch Watch App";
		};
/* End PBXContainerItemProxy section */

/* Begin PBXCopyFilesBuildPhase section */
		F6A810972E79815D00BD327E /* Embed Foundation Extensions */ = {
			isa = PBXCopyFilesBuildPhase;
			buildActionMask = 2147483647;
			dstPath = "";
			dstSubfolderSpec = 13;
			files = (
				F63DB5B42E799D1100688CC7 /* TotalBalanceWidgetExtension.appex in Embed Foundation Extensions */,
			);
			name = "Embed Foundation Extensions";
			runOnlyForDeploymentPostprocessing = 0;
		};
		F6E753B72E8EA51F00EAB911 /* Embed Watch Content */ = {
			isa = PBXCopyFilesBuildPhase;
			buildActionMask = 2147483647;
			dstPath = "$(CONTENTS_FOLDER_PATH)/Watch";
			dstSubfolderSpec = 16;
			files = (
				F6B8339C2E8EA57D00B2AB0C /* PatfiWatch Watch App.app in Embed Watch Content */,
			);
			name = "Embed Watch Content";
			runOnlyForDeploymentPostprocessing = 0;
		};
/* End PBXCopyFilesBuildPhase section */

/* Begin PBXFileReference section */
		F60DBEBF2E69FD3300ED214A /* Patfi.app */ = {isa = PBXFileReference; explicitFileType = wrapper.application; includeInIndex = 0; path = Patfi.app; sourceTree = BUILT_PRODUCTS_DIR; };
		F63DB5A72E799D1100688CC7 /* TotalBalanceWidgetExtension.appex */ = {isa = PBXFileReference; explicitFileType = "wrapper.app-extension"; includeInIndex = 0; path = TotalBalanceWidgetExtension.appex; sourceTree = BUILT_PRODUCTS_DIR; };
		F6A8107C2E797CEF00BD327E /* README.md */ = {isa = PBXFileReference; lastKnownFileType = net.daringfireball.markdown; path = README.md; sourceTree = "<group>"; };
		F6A810842E79815C00BD327E /* WidgetKit.framework */ = {isa = PBXFileReference; lastKnownFileType = wrapper.framework; name = WidgetKit.framework; path = System/Library/Frameworks/WidgetKit.framework; sourceTree = SDKROOT; };
		F6A810862E79815C00BD327E /* SwiftUI.framework */ = {isa = PBXFileReference; lastKnownFileType = wrapper.framework; name = SwiftUI.framework; path = System/Library/Frameworks/SwiftUI.framework; sourceTree = SDKROOT; };
		F6B833922E8EA57C00B2AB0C /* PatfiWatch Watch App.app */ = {isa = PBXFileReference; explicitFileType = wrapper.application; includeInIndex = 0; path = "PatfiWatch Watch App.app"; sourceTree = BUILT_PRODUCTS_DIR; };
/* End PBXFileReference section */

/* Begin PBXFileSystemSynchronizedBuildFileExceptionSet section */
		F61F9A112E95715E0009BDE3 /* Exceptions for "Shared" folder in "PatfiWatch Watch App" target */ = {
			isa = PBXFileSystemSynchronizedBuildFileExceptionSet;
			membershipExceptions = (
				Utils/CustomButtons.swift,
			);
			target = F6B833912E8EA57C00B2AB0C /* PatfiWatch Watch App */;
		};
		F63DB5B82E799D1100688CC7 /* Exceptions for "TotalBalanceWidget" folder in "TotalBalanceWidgetExtension" target */ = {
			isa = PBXFileSystemSynchronizedBuildFileExceptionSet;
			membershipExceptions = (
				Info.plist,
			);
			target = F63DB5A62E799D1100688CC7 /* TotalBalanceWidgetExtension */;
		};
		F670967F2E6B38ED0059EF66 /* Exceptions for "Patfi" folder in "Patfi" target */ = {
			isa = PBXFileSystemSynchronizedBuildFileExceptionSet;
			membershipExceptions = (
				Info.plist,
			);
			target = F60DBEBE2E69FD3300ED214A /* Patfi */;
		};
		F69CAE972E7F053F00627394 /* Exceptions for "Shared" folder in "TotalBalanceWidgetExtension" target */ = {
			isa = PBXFileSystemSynchronizedBuildFileExceptionSet;
			membershipExceptions = (
				Account/AccountDetailView.swift,
				Account/AccountPicker.swift,
				Account/AccountRepository.swift,
				Account/AccountRow.swift,
				Account/AddAccountView.swift,
				Balance/AddBalanceView.swift,
				Bank/BankLogo.swift,
				Bank/BankRepository.swift,
				Bank/BankRow.swift,
				Bank/EditBanksView.swift,
				Bank/EditBankView.swift,
				Charts/PieChartView.swift,
				Charts/TotalChartView.swift,
				Transaction/AddExpenseView.swift,
				Transaction/AddIncomeView.swift,
				Transaction/AddInternalTransferView.swift,
				Transaction/TransactionRepository.swift,
				Utils/CustomButtons.swift,
				Utils/QuickActions.swift,
			);
			target = F63DB5A62E799D1100688CC7 /* TotalBalanceWidgetExtension */;
		};
/* End PBXFileSystemSynchronizedBuildFileExceptionSet section */

/* Begin PBXFileSystemSynchronizedRootGroup section */
		F60DBEC12E69FD3300ED214A /* Patfi */ = {
			isa = PBXFileSystemSynchronizedRootGroup;
			exceptions = (
				F670967F2E6B38ED0059EF66 /* Exceptions for "Patfi" folder in "Patfi" target */,
			);
			path = Patfi;
			sourceTree = "<group>";
		};
		F63DB5AA2E799D1100688CC7 /* TotalBalanceWidget */ = {
			isa = PBXFileSystemSynchronizedRootGroup;
			exceptions = (
				F63DB5B82E799D1100688CC7 /* Exceptions for "TotalBalanceWidget" folder in "TotalBalanceWidgetExtension" target */,
			);
			path = TotalBalanceWidget;
			sourceTree = "<group>";
		};
		F69AC0792E7D5449009846BB /* Shared */ = {
			isa = PBXFileSystemSynchronizedRootGroup;
			exceptions = (
				F69CAE972E7F053F00627394 /* Exceptions for "Shared" folder in "TotalBalanceWidgetExtension" target */,
				F61F9A112E95715E0009BDE3 /* Exceptions for "Shared" folder in "PatfiWatch Watch App" target */,
			);
			path = Shared;
			sourceTree = "<group>";
		};
		F6B833932E8EA57C00B2AB0C /* PatfiWatch Watch App */ = {
			isa = PBXFileSystemSynchronizedRootGroup;
			path = "PatfiWatch Watch App";
			sourceTree = "<group>";
		};
/* End PBXFileSystemSynchronizedRootGroup section */

/* Begin PBXFrameworksBuildPhase section */
		F60DBEBC2E69FD3300ED214A /* Frameworks */ = {
			isa = PBXFrameworksBuildPhase;
			buildActionMask = 2147483647;
			files = (
			);
			runOnlyForDeploymentPostprocessing = 0;
		};
		F63DB5A42E799D1100688CC7 /* Frameworks */ = {
			isa = PBXFrameworksBuildPhase;
			buildActionMask = 2147483647;
			files = (
				F63DB5A92E799D1100688CC7 /* SwiftUI.framework in Frameworks */,
				F63DB5A82E799D1100688CC7 /* WidgetKit.framework in Frameworks */,
			);
			runOnlyForDeploymentPostprocessing = 0;
		};
		F6B8338F2E8EA57C00B2AB0C /* Frameworks */ = {
			isa = PBXFrameworksBuildPhase;
			buildActionMask = 2147483647;
			files = (
			);
			runOnlyForDeploymentPostprocessing = 0;
		};
/* End PBXFrameworksBuildPhase section */

/* Begin PBXGroup section */
		F60DBEB62E69FD3300ED214A = {
			isa = PBXGroup;
			children = (
				F69AC0792E7D5449009846BB /* Shared */,
				F6A8107C2E797CEF00BD327E /* README.md */,
				F60DBEC12E69FD3300ED214A /* Patfi */,
				F63DB5AA2E799D1100688CC7 /* TotalBalanceWidget */,
				F6B833932E8EA57C00B2AB0C /* PatfiWatch Watch App */,
				F6A810832E79815C00BD327E /* Frameworks */,
				F60DBEC02E69FD3300ED214A /* Products */,
			);
			sourceTree = "<group>";
		};
		F60DBEC02E69FD3300ED214A /* Products */ = {
			isa = PBXGroup;
			children = (
				F60DBEBF2E69FD3300ED214A /* Patfi.app */,
				F63DB5A72E799D1100688CC7 /* TotalBalanceWidgetExtension.appex */,
				F6B833922E8EA57C00B2AB0C /* PatfiWatch Watch App.app */,
			);
			name = Products;
			sourceTree = "<group>";
		};
		F6A810832E79815C00BD327E /* Frameworks */ = {
			isa = PBXGroup;
			children = (
				F6A810842E79815C00BD327E /* WidgetKit.framework */,
				F6A810862E79815C00BD327E /* SwiftUI.framework */,
			);
			name = Frameworks;
			sourceTree = "<group>";
		};
/* End PBXGroup section */

/* Begin PBXNativeTarget section */
		F60DBEBE2E69FD3300ED214A /* Patfi */ = {
			isa = PBXNativeTarget;
			buildConfigurationList = F60DBECA2E69FD3400ED214A /* Build configuration list for PBXNativeTarget "Patfi" */;
			buildPhases = (
				F60DBEBB2E69FD3300ED214A /* Sources */,
				F60DBEBC2E69FD3300ED214A /* Frameworks */,
				F60DBEBD2E69FD3300ED214A /* Resources */,
				F6A810972E79815D00BD327E /* Embed Foundation Extensions */,
				F6E753B72E8EA51F00EAB911 /* Embed Watch Content */,
			);
			buildRules = (
			);
			dependencies = (
				F63DB5B32E799D1100688CC7 /* PBXTargetDependency */,
				F6B8339B2E8EA57D00B2AB0C /* PBXTargetDependency */,
			);
			fileSystemSynchronizedGroups = (
				F60DBEC12E69FD3300ED214A /* Patfi */,
				F69AC0792E7D5449009846BB /* Shared */,
			);
			name = Patfi;
			packageProductDependencies = (
			);
			productName = Patfi;
			productReference = F60DBEBF2E69FD3300ED214A /* Patfi.app */;
			productType = "com.apple.product-type.application";
		};
		F63DB5A62E799D1100688CC7 /* TotalBalanceWidgetExtension */ = {
			isa = PBXNativeTarget;
			buildConfigurationList = F63DB5B72E799D1100688CC7 /* Build configuration list for PBXNativeTarget "TotalBalanceWidgetExtension" */;
			buildPhases = (
				F63DB5A32E799D1100688CC7 /* Sources */,
				F63DB5A42E799D1100688CC7 /* Frameworks */,
				F63DB5A52E799D1100688CC7 /* Resources */,
			);
			buildRules = (
			);
			dependencies = (
			);
			fileSystemSynchronizedGroups = (
				F63DB5AA2E799D1100688CC7 /* TotalBalanceWidget */,
				F69AC0792E7D5449009846BB /* Shared */,
			);
			name = TotalBalanceWidgetExtension;
			packageProductDependencies = (
			);
			productName = TotalBalanceWidgetExtension;
			productReference = F63DB5A72E799D1100688CC7 /* TotalBalanceWidgetExtension.appex */;
			productType = "com.apple.product-type.app-extension";
		};
		F6B833912E8EA57C00B2AB0C /* PatfiWatch Watch App */ = {
			isa = PBXNativeTarget;
			buildConfigurationList = F6B8339F2E8EA57D00B2AB0C /* Build configuration list for PBXNativeTarget "PatfiWatch Watch App" */;
			buildPhases = (
				F6B8338E2E8EA57C00B2AB0C /* Sources */,
				F6B8338F2E8EA57C00B2AB0C /* Frameworks */,
				F6B833902E8EA57C00B2AB0C /* Resources */,
			);
			buildRules = (
			);
			dependencies = (
			);
			fileSystemSynchronizedGroups = (
				F69AC0792E7D5449009846BB /* Shared */,
				F6B833932E8EA57C00B2AB0C /* PatfiWatch Watch App */,
			);
			name = "PatfiWatch Watch App";
			packageProductDependencies = (
			);
			productName = "PatfiWatch Watch App";
			productReference = F6B833922E8EA57C00B2AB0C /* PatfiWatch Watch App.app */;
			productType = "com.apple.product-type.application";
		};
/* End PBXNativeTarget section */

/* Begin PBXProject section */
		F60DBEB72E69FD3300ED214A /* Project object */ = {
			isa = PBXProject;
			attributes = {
				BuildIndependentTargetsInParallel = 1;
				LastSwiftUpdateCheck = 2600;
				LastUpgradeCheck = 2600;
				TargetAttributes = {
					F60DBEBE2E69FD3300ED214A = {
						CreatedOnToolsVersion = 26.0;
					};
					F63DB5A62E799D1100688CC7 = {
						CreatedOnToolsVersion = 26.0;
					};
					F6B833912E8EA57C00B2AB0C = {
						CreatedOnToolsVersion = 26.0.1;
						LastSwiftMigration = 2600;
					};
				};
			};
			buildConfigurationList = F60DBEBA2E69FD3300ED214A /* Build configuration list for PBXProject "Patfi" */;
			developmentRegion = en;
			hasScannedForEncodings = 0;
			knownRegions = (
				en,
				Base,
				fr,
			);
			mainGroup = F60DBEB62E69FD3300ED214A;
			minimizedProjectReferenceProxies = 1;
			preferredProjectObjectVersion = 77;
			productRefGroup = F60DBEC02E69FD3300ED214A /* Products */;
			projectDirPath = "";
			projectRoot = "";
			targets = (
				F60DBEBE2E69FD3300ED214A /* Patfi */,
				F63DB5A62E799D1100688CC7 /* TotalBalanceWidgetExtension */,
				F6B833912E8EA57C00B2AB0C /* PatfiWatch Watch App */,
			);
		};
/* End PBXProject section */

/* Begin PBXResourcesBuildPhase section */
		F60DBEBD2E69FD3300ED214A /* Resources */ = {
			isa = PBXResourcesBuildPhase;
			buildActionMask = 2147483647;
			files = (
				F6A8107D2E797CEF00BD327E /* README.md in Resources */,
			);
			runOnlyForDeploymentPostprocessing = 0;
		};
		F63DB5A52E799D1100688CC7 /* Resources */ = {
			isa = PBXResourcesBuildPhase;
			buildActionMask = 2147483647;
			files = (
			);
			runOnlyForDeploymentPostprocessing = 0;
		};
		F6B833902E8EA57C00B2AB0C /* Resources */ = {
			isa = PBXResourcesBuildPhase;
			buildActionMask = 2147483647;
			files = (
			);
			runOnlyForDeploymentPostprocessing = 0;
		};
/* End PBXResourcesBuildPhase section */

/* Begin PBXSourcesBuildPhase section */
		F60DBEBB2E69FD3300ED214A /* Sources */ = {
			isa = PBXSourcesBuildPhase;
			buildActionMask = 2147483647;
			files = (
			);
			runOnlyForDeploymentPostprocessing = 0;
		};
		F63DB5A32E799D1100688CC7 /* Sources */ = {
			isa = PBXSourcesBuildPhase;
			buildActionMask = 2147483647;
			files = (
			);
			runOnlyForDeploymentPostprocessing = 0;
		};
		F6B8338E2E8EA57C00B2AB0C /* Sources */ = {
			isa = PBXSourcesBuildPhase;
			buildActionMask = 2147483647;
			files = (
			);
			runOnlyForDeploymentPostprocessing = 0;
		};
/* End PBXSourcesBuildPhase section */

/* Begin PBXTargetDependency section */
		F63DB5B32E799D1100688CC7 /* PBXTargetDependency */ = {
			isa = PBXTargetDependency;
			target = F63DB5A62E799D1100688CC7 /* TotalBalanceWidgetExtension */;
			targetProxy = F63DB5B22E799D1100688CC7 /* PBXContainerItemProxy */;
		};
		F6B8339B2E8EA57D00B2AB0C /* PBXTargetDependency */ = {
			isa = PBXTargetDependency;
			platformFilter = ios;
			target = F6B833912E8EA57C00B2AB0C /* PatfiWatch Watch App */;
			targetProxy = F6B8339A2E8EA57D00B2AB0C /* PBXContainerItemProxy */;
		};
/* End PBXTargetDependency section */

/* Begin XCBuildConfiguration section */
		F60DBEC82E69FD3400ED214A /* Debug */ = {
			isa = XCBuildConfiguration;
			buildSettings = {
				ALWAYS_SEARCH_USER_PATHS = NO;
				ASSETCATALOG_COMPILER_GENERATE_SWIFT_ASSET_SYMBOL_EXTENSIONS = YES;
				CLANG_ANALYZER_NONNULL = YES;
				CLANG_ANALYZER_NUMBER_OBJECT_CONVERSION = YES_AGGRESSIVE;
				CLANG_CXX_LANGUAGE_STANDARD = "gnu++20";
				CLANG_ENABLE_MODULES = YES;
				CLANG_ENABLE_OBJC_ARC = YES;
				CLANG_ENABLE_OBJC_WEAK = YES;
				CLANG_WARN_BLOCK_CAPTURE_AUTORELEASING = YES;
				CLANG_WARN_BOOL_CONVERSION = YES;
				CLANG_WARN_COMMA = YES;
				CLANG_WARN_CONSTANT_CONVERSION = YES;
				CLANG_WARN_DEPRECATED_OBJC_IMPLEMENTATIONS = YES;
				CLANG_WARN_DIRECT_OBJC_ISA_USAGE = YES_ERROR;
				CLANG_WARN_DOCUMENTATION_COMMENTS = YES;
				CLANG_WARN_EMPTY_BODY = YES;
				CLANG_WARN_ENUM_CONVERSION = YES;
				CLANG_WARN_INFINITE_RECURSION = YES;
				CLANG_WARN_INT_CONVERSION = YES;
				CLANG_WARN_NON_LITERAL_NULL_CONVERSION = YES;
				CLANG_WARN_OBJC_IMPLICIT_RETAIN_SELF = YES;
				CLANG_WARN_OBJC_LITERAL_CONVERSION = YES;
				CLANG_WARN_OBJC_ROOT_CLASS = YES_ERROR;
				CLANG_WARN_QUOTED_INCLUDE_IN_FRAMEWORK_HEADER = YES;
				CLANG_WARN_RANGE_LOOP_ANALYSIS = YES;
				CLANG_WARN_STRICT_PROTOTYPES = YES;
				CLANG_WARN_SUSPICIOUS_MOVE = YES;
				CLANG_WARN_UNGUARDED_AVAILABILITY = YES_AGGRESSIVE;
				CLANG_WARN_UNREACHABLE_CODE = YES;
				CLANG_WARN__DUPLICATE_METHOD_MATCH = YES;
				COPY_PHASE_STRIP = NO;
				DEBUG_INFORMATION_FORMAT = dwarf;
				DEVELOPMENT_TEAM = 3WAQF3AS82;
				ENABLE_STRICT_OBJC_MSGSEND = YES;
				ENABLE_TESTABILITY = YES;
				ENABLE_USER_SCRIPT_SANDBOXING = YES;
				GCC_C_LANGUAGE_STANDARD = gnu17;
				GCC_DYNAMIC_NO_PIC = NO;
				GCC_NO_COMMON_BLOCKS = YES;
				GCC_OPTIMIZATION_LEVEL = 0;
				GCC_PREPROCESSOR_DEFINITIONS = (
					"DEBUG=1",
					"$(inherited)",
				);
				GCC_WARN_64_TO_32_BIT_CONVERSION = YES;
				GCC_WARN_ABOUT_RETURN_TYPE = YES_ERROR;
				GCC_WARN_UNDECLARED_SELECTOR = YES;
				GCC_WARN_UNINITIALIZED_AUTOS = YES_AGGRESSIVE;
				GCC_WARN_UNUSED_FUNCTION = YES;
				GCC_WARN_UNUSED_VARIABLE = YES;
				LOCALIZATION_PREFERS_STRING_CATALOGS = YES;
				MARKETING_VERSION = 1.3;
				MTL_ENABLE_DEBUG_INFO = INCLUDE_SOURCE;
				MTL_FAST_MATH = YES;
				ONLY_ACTIVE_ARCH = YES;
				SWIFT_ACTIVE_COMPILATION_CONDITIONS = "DEBUG $(inherited)";
				SWIFT_EMIT_LOC_STRINGS = YES;
				SWIFT_OPTIMIZATION_LEVEL = "-Onone";
			};
			name = Debug;
		};
		F60DBEC92E69FD3400ED214A /* Release */ = {
			isa = XCBuildConfiguration;
			buildSettings = {
				ALWAYS_SEARCH_USER_PATHS = NO;
				ASSETCATALOG_COMPILER_GENERATE_SWIFT_ASSET_SYMBOL_EXTENSIONS = YES;
				CLANG_ANALYZER_NONNULL = YES;
				CLANG_ANALYZER_NUMBER_OBJECT_CONVERSION = YES_AGGRESSIVE;
				CLANG_CXX_LANGUAGE_STANDARD = "gnu++20";
				CLANG_ENABLE_MODULES = YES;
				CLANG_ENABLE_OBJC_ARC = YES;
				CLANG_ENABLE_OBJC_WEAK = YES;
				CLANG_WARN_BLOCK_CAPTURE_AUTORELEASING = YES;
				CLANG_WARN_BOOL_CONVERSION = YES;
				CLANG_WARN_COMMA = YES;
				CLANG_WARN_CONSTANT_CONVERSION = YES;
				CLANG_WARN_DEPRECATED_OBJC_IMPLEMENTATIONS = YES;
				CLANG_WARN_DIRECT_OBJC_ISA_USAGE = YES_ERROR;
				CLANG_WARN_DOCUMENTATION_COMMENTS = YES;
				CLANG_WARN_EMPTY_BODY = YES;
				CLANG_WARN_ENUM_CONVERSION = YES;
				CLANG_WARN_INFINITE_RECURSION = YES;
				CLANG_WARN_INT_CONVERSION = YES;
				CLANG_WARN_NON_LITERAL_NULL_CONVERSION = YES;
				CLANG_WARN_OBJC_IMPLICIT_RETAIN_SELF = YES;
				CLANG_WARN_OBJC_LITERAL_CONVERSION = YES;
				CLANG_WARN_OBJC_ROOT_CLASS = YES_ERROR;
				CLANG_WARN_QUOTED_INCLUDE_IN_FRAMEWORK_HEADER = YES;
				CLANG_WARN_RANGE_LOOP_ANALYSIS = YES;
				CLANG_WARN_STRICT_PROTOTYPES = YES;
				CLANG_WARN_SUSPICIOUS_MOVE = YES;
				CLANG_WARN_UNGUARDED_AVAILABILITY = YES_AGGRESSIVE;
				CLANG_WARN_UNREACHABLE_CODE = YES;
				CLANG_WARN__DUPLICATE_METHOD_MATCH = YES;
				COPY_PHASE_STRIP = NO;
				DEBUG_INFORMATION_FORMAT = "dwarf-with-dsym";
				DEVELOPMENT_TEAM = 3WAQF3AS82;
				ENABLE_NS_ASSERTIONS = NO;
				ENABLE_STRICT_OBJC_MSGSEND = YES;
				ENABLE_USER_SCRIPT_SANDBOXING = YES;
				GCC_C_LANGUAGE_STANDARD = gnu17;
				GCC_NO_COMMON_BLOCKS = YES;
				GCC_WARN_64_TO_32_BIT_CONVERSION = YES;
				GCC_WARN_ABOUT_RETURN_TYPE = YES_ERROR;
				GCC_WARN_UNDECLARED_SELECTOR = YES;
				GCC_WARN_UNINITIALIZED_AUTOS = YES_AGGRESSIVE;
				GCC_WARN_UNUSED_FUNCTION = YES;
				GCC_WARN_UNUSED_VARIABLE = YES;
				LOCALIZATION_PREFERS_STRING_CATALOGS = YES;
				MARKETING_VERSION = 1.3;
				MTL_ENABLE_DEBUG_INFO = NO;
				MTL_FAST_MATH = YES;
				SWIFT_COMPILATION_MODE = wholemodule;
				SWIFT_EMIT_LOC_STRINGS = YES;
			};
			name = Release;
		};
		F60DBECB2E69FD3400ED214A /* Debug */ = {
			isa = XCBuildConfiguration;
			buildSettings = {
				ASSETCATALOG_COMPILER_APPICON_NAME = Icon;
				ASSETCATALOG_COMPILER_GLOBAL_ACCENT_COLOR_NAME = AccentColor;
				ASSETCATALOG_COMPILER_INCLUDE_ALL_APPICON_ASSETS = YES;
				CODE_SIGN_ENTITLEMENTS = "Patfi/Patfi Debug.entitlements";
				CODE_SIGN_STYLE = Automatic;
				CURRENT_PROJECT_VERSION = 120;
				DEVELOPMENT_TEAM = 3WAQF3AS82;
				ENABLE_APP_SANDBOX = YES;
				ENABLE_HARDENED_RUNTIME = YES;
				ENABLE_INCOMING_NETWORK_CONNECTIONS = NO;
				ENABLE_OUTGOING_NETWORK_CONNECTIONS = YES;
				ENABLE_PREVIEWS = YES;
				ENABLE_RESOURCE_ACCESS_AUDIO_INPUT = NO;
				ENABLE_RESOURCE_ACCESS_BLUETOOTH = NO;
				ENABLE_RESOURCE_ACCESS_CALENDARS = NO;
				ENABLE_RESOURCE_ACCESS_CAMERA = NO;
				ENABLE_RESOURCE_ACCESS_CONTACTS = NO;
				ENABLE_RESOURCE_ACCESS_LOCATION = NO;
				ENABLE_RESOURCE_ACCESS_PRINTING = NO;
				ENABLE_RESOURCE_ACCESS_USB = NO;
				ENABLE_USER_SELECTED_FILES = readonly;
				GENERATE_INFOPLIST_FILE = YES;
				INFOPLIST_FILE = Patfi/Info.plist;
				INFOPLIST_KEY_CFBundleDisplayName = Patfi;
				INFOPLIST_KEY_LSApplicationCategoryType = "public.app-category.finance";
				"INFOPLIST_KEY_UIApplicationSceneManifest_Generation[sdk=iphoneos*]" = YES;
				"INFOPLIST_KEY_UIApplicationSceneManifest_Generation[sdk=iphonesimulator*]" = YES;
				"INFOPLIST_KEY_UIApplicationSupportsIndirectInputEvents[sdk=iphoneos*]" = YES;
				"INFOPLIST_KEY_UIApplicationSupportsIndirectInputEvents[sdk=iphonesimulator*]" = YES;
				"INFOPLIST_KEY_UILaunchScreen_Generation[sdk=iphoneos*]" = YES;
				"INFOPLIST_KEY_UILaunchScreen_Generation[sdk=iphonesimulator*]" = YES;
				"INFOPLIST_KEY_UIStatusBarStyle[sdk=iphoneos*]" = UIStatusBarStyleDefault;
				"INFOPLIST_KEY_UIStatusBarStyle[sdk=iphonesimulator*]" = UIStatusBarStyleDefault;
				INFOPLIST_KEY_UISupportedInterfaceOrientations_iPad = "UIInterfaceOrientationPortrait UIInterfaceOrientationPortraitUpsideDown UIInterfaceOrientationLandscapeLeft UIInterfaceOrientationLandscapeRight";
				INFOPLIST_KEY_UISupportedInterfaceOrientations_iPhone = "UIInterfaceOrientationPortrait UIInterfaceOrientationLandscapeLeft UIInterfaceOrientationLandscapeRight";
				IPHONEOS_DEPLOYMENT_TARGET = 26.0;
				LD_RUNPATH_SEARCH_PATHS = "@executable_path/Frameworks";
				"LD_RUNPATH_SEARCH_PATHS[sdk=macosx*]" = "@executable_path/../Frameworks";
				MACOSX_DEPLOYMENT_TARGET = 26.0;
				MARKETING_VERSION = " $(MARKETING_VERSION)";
				PRODUCT_BUNDLE_IDENTIFIER = fr.matvdg.patfi;
				PRODUCT_NAME = "$(TARGET_NAME)";
				REGISTER_APP_GROUPS = YES;
				SDKROOT = auto;
				STRING_CATALOG_GENERATE_SYMBOLS = YES;
				SUPPORTED_PLATFORMS = "iphoneos iphonesimulator macosx xros xrsimulator";
				SWIFT_APPROACHABLE_CONCURRENCY = YES;
				SWIFT_DEFAULT_ACTOR_ISOLATION = MainActor;
				SWIFT_EMIT_LOC_STRINGS = YES;
				SWIFT_UPCOMING_FEATURE_MEMBER_IMPORT_VISIBILITY = YES;
				SWIFT_VERSION = 6.0;
				TARGETED_DEVICE_FAMILY = "1,2,7";
				XROS_DEPLOYMENT_TARGET = 26.0;
			};
			name = Debug;
		};
		F60DBECC2E69FD3400ED214A /* Release */ = {
			isa = XCBuildConfiguration;
			buildSettings = {
				ASSETCATALOG_COMPILER_APPICON_NAME = Icon;
				ASSETCATALOG_COMPILER_GLOBAL_ACCENT_COLOR_NAME = AccentColor;
				ASSETCATALOG_COMPILER_INCLUDE_ALL_APPICON_ASSETS = YES;
				CODE_SIGN_ENTITLEMENTS = Patfi/Patfi.entitlements;
				CODE_SIGN_STYLE = Automatic;
				CURRENT_PROJECT_VERSION = 120;
				DEVELOPMENT_TEAM = 3WAQF3AS82;
				ENABLE_APP_SANDBOX = YES;
				ENABLE_HARDENED_RUNTIME = YES;
				ENABLE_INCOMING_NETWORK_CONNECTIONS = NO;
				ENABLE_OUTGOING_NETWORK_CONNECTIONS = YES;
				ENABLE_PREVIEWS = YES;
				ENABLE_RESOURCE_ACCESS_AUDIO_INPUT = NO;
				ENABLE_RESOURCE_ACCESS_BLUETOOTH = NO;
				ENABLE_RESOURCE_ACCESS_CALENDARS = NO;
				ENABLE_RESOURCE_ACCESS_CAMERA = NO;
				ENABLE_RESOURCE_ACCESS_CONTACTS = NO;
				ENABLE_RESOURCE_ACCESS_LOCATION = NO;
				ENABLE_RESOURCE_ACCESS_PRINTING = NO;
				ENABLE_RESOURCE_ACCESS_USB = NO;
				ENABLE_USER_SELECTED_FILES = readonly;
				GENERATE_INFOPLIST_FILE = YES;
				INFOPLIST_FILE = Patfi/Info.plist;
				INFOPLIST_KEY_CFBundleDisplayName = Patfi;
				INFOPLIST_KEY_LSApplicationCategoryType = "public.app-category.finance";
				"INFOPLIST_KEY_UIApplicationSceneManifest_Generation[sdk=iphoneos*]" = YES;
				"INFOPLIST_KEY_UIApplicationSceneManifest_Generation[sdk=iphonesimulator*]" = YES;
				"INFOPLIST_KEY_UIApplicationSupportsIndirectInputEvents[sdk=iphoneos*]" = YES;
				"INFOPLIST_KEY_UIApplicationSupportsIndirectInputEvents[sdk=iphonesimulator*]" = YES;
				"INFOPLIST_KEY_UILaunchScreen_Generation[sdk=iphoneos*]" = YES;
				"INFOPLIST_KEY_UILaunchScreen_Generation[sdk=iphonesimulator*]" = YES;
				"INFOPLIST_KEY_UIStatusBarStyle[sdk=iphoneos*]" = UIStatusBarStyleDefault;
				"INFOPLIST_KEY_UIStatusBarStyle[sdk=iphonesimulator*]" = UIStatusBarStyleDefault;
				INFOPLIST_KEY_UISupportedInterfaceOrientations_iPad = "UIInterfaceOrientationPortrait UIInterfaceOrientationPortraitUpsideDown UIInterfaceOrientationLandscapeLeft UIInterfaceOrientationLandscapeRight";
				INFOPLIST_KEY_UISupportedInterfaceOrientations_iPhone = "UIInterfaceOrientationPortrait UIInterfaceOrientationLandscapeLeft UIInterfaceOrientationLandscapeRight";
				IPHONEOS_DEPLOYMENT_TARGET = 26.0;
				LD_RUNPATH_SEARCH_PATHS = "@executable_path/Frameworks";
				"LD_RUNPATH_SEARCH_PATHS[sdk=macosx*]" = "@executable_path/../Frameworks";
				MACOSX_DEPLOYMENT_TARGET = 26.0;
				MARKETING_VERSION = " $(MARKETING_VERSION)";
				PRODUCT_BUNDLE_IDENTIFIER = fr.matvdg.patfi;
				PRODUCT_NAME = "$(TARGET_NAME)";
				REGISTER_APP_GROUPS = YES;
				SDKROOT = auto;
				STRING_CATALOG_GENERATE_SYMBOLS = YES;
				SUPPORTED_PLATFORMS = "iphoneos iphonesimulator macosx xros xrsimulator";
				SWIFT_APPROACHABLE_CONCURRENCY = YES;
				SWIFT_DEFAULT_ACTOR_ISOLATION = MainActor;
				SWIFT_EMIT_LOC_STRINGS = YES;
				SWIFT_UPCOMING_FEATURE_MEMBER_IMPORT_VISIBILITY = YES;
				SWIFT_VERSION = 6.0;
				TARGETED_DEVICE_FAMILY = "1,2,7";
				XROS_DEPLOYMENT_TARGET = 26.0;
			};
			name = Release;
		};
		F63DB5B52E799D1100688CC7 /* Debug */ = {
			isa = XCBuildConfiguration;
			buildSettings = {
				ASSETCATALOG_COMPILER_GLOBAL_ACCENT_COLOR_NAME = AccentColor;
				ASSETCATALOG_COMPILER_WIDGET_BACKGROUND_COLOR_NAME = WidgetBackground;
				CODE_SIGN_ENTITLEMENTS = TotalBalanceWidget/TotalBalanceWidgetExtension.entitlements;
				CODE_SIGN_STYLE = Automatic;
				CURRENT_PROJECT_VERSION = 120;
				DEVELOPMENT_TEAM = 3WAQF3AS82;
				ENABLE_APP_SANDBOX = YES;
				ENABLE_HARDENED_RUNTIME = YES;
				GENERATE_INFOPLIST_FILE = YES;
				INFOPLIST_FILE = TotalBalanceWidget/Info.plist;
				INFOPLIST_KEY_CFBundleDisplayName = TotalBalanceWidget;
				INFOPLIST_KEY_NSHumanReadableCopyright = "";
				IPHONEOS_DEPLOYMENT_TARGET = 26.0;
				LD_RUNPATH_SEARCH_PATHS = (
					"$(inherited)",
					"@executable_path/Frameworks",
					"@executable_path/../../Frameworks",
				);
				"LD_RUNPATH_SEARCH_PATHS[sdk=macosx*]" = (
					"$(inherited)",
					"@executable_path/../Frameworks",
					"@executable_path/../../../../Frameworks",
				);
				MACOSX_DEPLOYMENT_TARGET = 26.0;
				MARKETING_VERSION = " $(MARKETING_VERSION)";
				PRODUCT_BUNDLE_IDENTIFIER = fr.matvdg.patfi.TotalBalanceWidget;
				PRODUCT_NAME = "$(TARGET_NAME)";
				REGISTER_APP_GROUPS = YES;
				SDKROOT = auto;
				SKIP_INSTALL = YES;
				STRING_CATALOG_GENERATE_SYMBOLS = YES;
				SUPPORTED_PLATFORMS = "iphoneos iphonesimulator macosx xros xrsimulator";
				SWIFT_APPROACHABLE_CONCURRENCY = YES;
				SWIFT_EMIT_LOC_STRINGS = YES;
				SWIFT_UPCOMING_FEATURE_MEMBER_IMPORT_VISIBILITY = YES;
				SWIFT_VERSION = 5.0;
				TARGETED_DEVICE_FAMILY = "1,2,7";
				XROS_DEPLOYMENT_TARGET = 26.0;
			};
			name = Debug;
		};
		F63DB5B62E799D1100688CC7 /* Release */ = {
			isa = XCBuildConfiguration;
			buildSettings = {
				ASSETCATALOG_COMPILER_GLOBAL_ACCENT_COLOR_NAME = AccentColor;
				ASSETCATALOG_COMPILER_WIDGET_BACKGROUND_COLOR_NAME = WidgetBackground;
				CODE_SIGN_ENTITLEMENTS = TotalBalanceWidget/TotalBalanceWidgetExtension.entitlements;
				CODE_SIGN_STYLE = Automatic;
				CURRENT_PROJECT_VERSION = 120;
				DEVELOPMENT_TEAM = 3WAQF3AS82;
				ENABLE_APP_SANDBOX = YES;
				ENABLE_HARDENED_RUNTIME = YES;
				GENERATE_INFOPLIST_FILE = YES;
				INFOPLIST_FILE = TotalBalanceWidget/Info.plist;
				INFOPLIST_KEY_CFBundleDisplayName = TotalBalanceWidget;
				INFOPLIST_KEY_NSHumanReadableCopyright = "";
				IPHONEOS_DEPLOYMENT_TARGET = 26.0;
				LD_RUNPATH_SEARCH_PATHS = (
					"$(inherited)",
					"@executable_path/Frameworks",
					"@executable_path/../../Frameworks",
				);
				"LD_RUNPATH_SEARCH_PATHS[sdk=macosx*]" = (
					"$(inherited)",
					"@executable_path/../Frameworks",
					"@executable_path/../../../../Frameworks",
				);
				MACOSX_DEPLOYMENT_TARGET = 26.0;
				MARKETING_VERSION = " $(MARKETING_VERSION)";
				PRODUCT_BUNDLE_IDENTIFIER = fr.matvdg.patfi.TotalBalanceWidget;
				PRODUCT_NAME = "$(TARGET_NAME)";
				REGISTER_APP_GROUPS = YES;
				SDKROOT = auto;
				SKIP_INSTALL = YES;
				STRING_CATALOG_GENERATE_SYMBOLS = YES;
				SUPPORTED_PLATFORMS = "iphoneos iphonesimulator macosx xros xrsimulator";
				SWIFT_APPROACHABLE_CONCURRENCY = YES;
				SWIFT_EMIT_LOC_STRINGS = YES;
				SWIFT_UPCOMING_FEATURE_MEMBER_IMPORT_VISIBILITY = YES;
				SWIFT_VERSION = 5.0;
				TARGETED_DEVICE_FAMILY = "1,2,7";
				XROS_DEPLOYMENT_TARGET = 26.0;
			};
			name = Release;
		};
		F6B8339D2E8EA57D00B2AB0C /* Debug */ = {
			isa = XCBuildConfiguration;
			buildSettings = {
				ASSETCATALOG_COMPILER_APPICON_NAME = Icon;
				ASSETCATALOG_COMPILER_GLOBAL_ACCENT_COLOR_NAME = AccentColor;
				CLANG_ENABLE_MODULES = YES;
				CODE_SIGN_ENTITLEMENTS = "PatfiWatch Watch App/App/PatfiWatch Watch Debug.entitlements";
				CODE_SIGN_STYLE = Automatic;
				CURRENT_PROJECT_VERSION = 120;
				DEVELOPMENT_TEAM = 3WAQF3AS82;
				ENABLE_PREVIEWS = YES;
				GENERATE_INFOPLIST_FILE = YES;
				INFOPLIST_FILE = "PatfiWatch-Watch-App-Info.plist";
				INFOPLIST_KEY_CFBundleDisplayName = PatfiWatch;
				INFOPLIST_KEY_UISupportedInterfaceOrientations = "UIInterfaceOrientationPortrait UIInterfaceOrientationPortraitUpsideDown";
				INFOPLIST_KEY_WKCompanionAppBundleIdentifier = fr.matvdg.patfi;
				LD_RUNPATH_SEARCH_PATHS = (
					"$(inherited)",
					"@executable_path/Frameworks",
				);
				MARKETING_VERSION = " $(MARKETING_VERSION)";
				PRODUCT_BUNDLE_IDENTIFIER = fr.matvdg.patfi.watchkitapp;
				PRODUCT_NAME = "$(TARGET_NAME)";
				SDKROOT = watchos;
				SKIP_INSTALL = YES;
				STRING_CATALOG_GENERATE_SYMBOLS = YES;
				SWIFT_APPROACHABLE_CONCURRENCY = YES;
				SWIFT_DEFAULT_ACTOR_ISOLATION = MainActor;
				SWIFT_EMIT_LOC_STRINGS = YES;
				SWIFT_OPTIMIZATION_LEVEL = "-Onone";
				SWIFT_UPCOMING_FEATURE_MEMBER_IMPORT_VISIBILITY = YES;
				SWIFT_VERSION = 5.0;
				TARGETED_DEVICE_FAMILY = 4;
				WATCHOS_DEPLOYMENT_TARGET = 26.0;
			};
			name = Debug;
		};
		F6B8339E2E8EA57D00B2AB0C /* Release */ = {
			isa = XCBuildConfiguration;
			buildSettings = {
				ASSETCATALOG_COMPILER_APPICON_NAME = Icon;
				ASSETCATALOG_COMPILER_GLOBAL_ACCENT_COLOR_NAME = AccentColor;
				CLANG_ENABLE_MODULES = YES;
				CODE_SIGN_ENTITLEMENTS = "PatfiWatch Watch App/App/PatfiWatch Watch AppRelease.entitlements";
				CODE_SIGN_STYLE = Automatic;
				CURRENT_PROJECT_VERSION = 120;
				DEVELOPMENT_TEAM = 3WAQF3AS82;
				ENABLE_PREVIEWS = YES;
				GENERATE_INFOPLIST_FILE = YES;
				INFOPLIST_FILE = "PatfiWatch-Watch-App-Info.plist";
				INFOPLIST_KEY_CFBundleDisplayName = PatfiWatch;
				INFOPLIST_KEY_UISupportedInterfaceOrientations = "UIInterfaceOrientationPortrait UIInterfaceOrientationPortraitUpsideDown";
				INFOPLIST_KEY_WKCompanionAppBundleIdentifier = fr.matvdg.patfi;
				LD_RUNPATH_SEARCH_PATHS = (
					"$(inherited)",
					"@executable_path/Frameworks",
				);
				MARKETING_VERSION = " $(MARKETING_VERSION)";
				PRODUCT_BUNDLE_IDENTIFIER = fr.matvdg.patfi.watchkitapp;
				PRODUCT_NAME = "$(TARGET_NAME)";
				SDKROOT = watchos;
				SKIP_INSTALL = YES;
				STRING_CATALOG_GENERATE_SYMBOLS = YES;
				SWIFT_APPROACHABLE_CONCURRENCY = YES;
				SWIFT_DEFAULT_ACTOR_ISOLATION = MainActor;
				SWIFT_EMIT_LOC_STRINGS = YES;
				SWIFT_UPCOMING_FEATURE_MEMBER_IMPORT_VISIBILITY = YES;
				SWIFT_VERSION = 5.0;
				TARGETED_DEVICE_FAMILY = 4;
				VALIDATE_PRODUCT = YES;
				WATCHOS_DEPLOYMENT_TARGET = 26.0;
			};
			name = Release;
		};
/* End XCBuildConfiguration section */

/* Begin XCConfigurationList section */
		F60DBEBA2E69FD3300ED214A /* Build configuration list for PBXProject "Patfi" */ = {
			isa = XCConfigurationList;
			buildConfigurations = (
				F60DBEC82E69FD3400ED214A /* Debug */,
				F60DBEC92E69FD3400ED214A /* Release */,
			);
			defaultConfigurationIsVisible = 0;
			defaultConfigurationName = Release;
		};
		F60DBECA2E69FD3400ED214A /* Build configuration list for PBXNativeTarget "Patfi" */ = {
			isa = XCConfigurationList;
			buildConfigurations = (
				F60DBECB2E69FD3400ED214A /* Debug */,
				F60DBECC2E69FD3400ED214A /* Release */,
			);
			defaultConfigurationIsVisible = 0;
			defaultConfigurationName = Release;
		};
		F63DB5B72E799D1100688CC7 /* Build configuration list for PBXNativeTarget "TotalBalanceWidgetExtension" */ = {
			isa = XCConfigurationList;
			buildConfigurations = (
				F63DB5B52E799D1100688CC7 /* Debug */,
				F63DB5B62E799D1100688CC7 /* Release */,
			);
			defaultConfigurationIsVisible = 0;
			defaultConfigurationName = Release;
		};
		F6B8339F2E8EA57D00B2AB0C /* Build configuration list for PBXNativeTarget "PatfiWatch Watch App" */ = {
			isa = XCConfigurationList;
			buildConfigurations = (
				F6B8339D2E8EA57D00B2AB0C /* Debug */,
				F6B8339E2E8EA57D00B2AB0C /* Release */,
			);
			defaultConfigurationIsVisible = 0;
			defaultConfigurationName = Release;
		};
/* End XCConfigurationList section */
	};
	rootObject = F60DBEB72E69FD3300ED214A /* Project object */;
}
